{
  "nodes": {
    "emacs-overlay": {
      "inputs": {
        "nixpkgs": [
          "nixpkgs"
        ],
        "nixpkgs-stable": "nixpkgs-stable"
      },
      "locked": {
        "lastModified": 1783424596,
        "narHash": "sha256-X15mLqhHSfhnpZLBqmJ9dtFfKFXvBjUaCbN5L6UnCDs=",
        "owner": "nix-community",
        "repo": "emacs-overlay",
        "rev": "fa518f84fa7e60eef450bc4551cea5d510347ed6",
        "type": "github"
      },
      "original": {
        "owner": "nix-community",
        "repo": "emacs-overlay",
        "type": "github"
      }
    },
    "home-manager": {
      "inputs": {
        "nixpkgs": [
          "nixpkgs"
        ]
      },
      "locked": {
        "lastModified": 1783436070,
        "narHash": "sha256-F80z1JoiJgZyTT5D+3siLOVzqmCEphLR7t0Ym/I2CLI=",
        "owner": "nix-community",
        "repo": "home-manager",
        "rev": "f09af49406ffad37acb6538d3207189a1a1e0b7e",
        "type": "github"
      },
      "original": {
        "owner": "nix-community",
        "repo": "home-manager",
        "type": "github"
      }
    },
    "nixpkgs": {
      "locked": {
        "lastModified": 1783224372,
        "narHash": "sha256-8i/87eeoqiGE4yOTjwSA3Eh/ziJRQEmd/unYU+K27sk=",
        "owner": "NixOS",
        "repo": "nixpkgs",
        "rev": "d407951447dcd00442e97087bf374aad70c04cea",
        "type": "github"
      },
      "original": {
        "owner": "NixOS",
        "ref": "nixos-unstable",
        "repo": "nixpkgs",
        "type": "github"
      }
    },
    "nixpkgs-bitwig-5_19": {
      "locked": {
        "lastModified": 1719176387,
        "narHash": "sha256-IIDUAs+Bvf56rHwydRjIzIYEzYtVyHqEKtHFidDEQy8=",
        "owner": "NixOS",
        "repo": "nixpkgs",
        "rev": "4154834be5af054e54afdb225e10d4c7bc37a255",
        "type": "github"
      },
      "original": {
        "owner": "NixOS",
        "repo": "nixpkgs",
        "rev": "4154834be5af054e54afdb225e10d4c7bc37a255",
        "type": "github"
      }
    },
    "nixpkgs-discord-krisp-patcher": {
      "locked": {
        "lastModified": 1779195837,
        "narHash": "sha256-FMUh4vXmj6+EjxXyQ2LLe5yUPmQ3+zXQN7KVeYLMGEw=",
        "owner": "NixOS",
        "repo": "nixpkgs",
        "rev": "90cdc6283e794e7e276fa60f6d27b98a27454f15",
        "type": "github"
      },
      "original": {
        "owner": "NixOS",
        "ref": "pull/506089/head",
        "repo": "nixpkgs",
        "type": "github"
      }
    },
    "nixpkgs-stable": {
      "locked": {
        "lastModified": 1783148766,
        "narHash": "sha256-uslt2pqShTIXDdAHRHv2QkYLsVdY8Oqwz0EA48/RSM8=",
        "owner": "NixOS",
        "repo": "nixpkgs",
        "rev": "a50de1b7d8a586adc18d2395c19de7d6058e6030",
        "type": "github"
      },
      "original": {
        "owner": "NixOS",
        "ref": "nixos-26.05",
        "repo": "nixpkgs",
        "type": "github"
      }
    },
    "root": {
      "inputs": {
        "emacs-overlay": "emacs-overlay",
        "home-manager": "home-manager",
        "nixpkgs": "nixpkgs",
        "nixpkgs-bitwig-5_19": "nixpkgs-bitwig-5_19",
        "nixpkgs-discord-krisp-patcher": "nixpkgs-discord-krisp-patcher"
      }
    }
  },
  "root": "root",
  "version": 7
}
