{
  "nodes": {
    "emacs-overlay": {
      "inputs": {
        "nixpkgs": [
          "nixpkgs"
        ],
        "nixpkgs-stable": "nixpkgs-stable"
      },
      "locked": {
        "lastModified": 1780112698,
        "narHash": "sha256-vHBRy/IXXoYSVJFwgpn23kSYRIis2xsBXEGR5QV8hDo=",
        "owner": "nix-community",
        "repo": "emacs-overlay",
        "rev": "5a6425a7a1144748a49b25ab5d2d91ccd0ec09d1",
        "type": "github"
      },
      "original": {
        "owner": "nix-community",
        "repo": "emacs-overlay",
        "type": "github"
      }
    },
    "home-manager": {
      "inputs": {
        "nixpkgs": [
          "nixpkgs"
        ]
      },
      "locked": {
        "lastModified": 1780099287,
        "narHash": "sha256-efIPwVGtIWIjWcznhaop6XN6HxnOL8800hF6CBNvlqQ=",
        "owner": "nix-community",
        "repo": "home-manager",
        "rev": "7d8127d308c3fb9664f7e643eec944be74ebb37d",
        "type": "github"
      },
      "original": {
        "owner": "nix-community",
        "repo": "home-manager",
        "type": "github"
      }
    },
    "nixpkgs": {
      "locked": {
        "lastModified": 1779560665,
        "narHash": "sha256-tpyBcxPpcQb8ukyNF7DoCwfSY3VPsxHoYwj00Cayv5o=",
        "owner": "NixOS",
        "repo": "nixpkgs",
        "rev": "64c08a7ca051951c8eae34e3e3cb1e202fe36786",
        "type": "github"
      },
      "original": {
        "owner": "NixOS",
        "ref": "nixos-unstable",
        "repo": "nixpkgs",
        "type": "github"
      }
    },
    "nixpkgs-bitwig-5_19": {
      "locked": {
        "lastModified": 1719176387,
        "narHash": "sha256-IIDUAs+Bvf56rHwydRjIzIYEzYtVyHqEKtHFidDEQy8=",
        "owner": "NixOS",
        "repo": "nixpkgs",
        "rev": "4154834be5af054e54afdb225e10d4c7bc37a255",
        "type": "github"
      },
      "original": {
        "owner": "NixOS",
        "repo": "nixpkgs",
        "rev": "4154834be5af054e54afdb225e10d4c7bc37a255",
        "type": "github"
      }
    },
    "nixpkgs-discord-krisp-patcher": {
      "locked": {
        "lastModified": 1779195837,
        "narHash": "sha256-FMUh4vXmj6+EjxXyQ2LLe5yUPmQ3+zXQN7KVeYLMGEw=",
        "owner": "NixOS",
        "repo": "nixpkgs",
        "rev": "90cdc6283e794e7e276fa60f6d27b98a27454f15",
        "type": "github"
      },
      "original": {
        "owner": "NixOS",
        "ref": "pull/506089/head",
        "repo": "nixpkgs",
        "type": "github"
      }
    },
    "nixpkgs-stable": {
      "locked": {
        "lastModified": 1779796641,
        "narHash": "sha256-ZsIrKmhp4vbBXoXXmR/tBXA/UCsAQiJL9vsgZEduhVY=",
        "owner": "NixOS",
        "repo": "nixpkgs",
        "rev": "25f538306313eae3927264466c70d7001dcea1df",
        "type": "github"
      },
      "original": {
        "owner": "NixOS",
        "ref": "nixos-25.11",
        "repo": "nixpkgs",
        "type": "github"
      }
    },
    "root": {
      "inputs": {
        "emacs-overlay": "emacs-overlay",
        "home-manager": "home-manager",
        "nixpkgs": "nixpkgs",
        "nixpkgs-bitwig-5_19": "nixpkgs-bitwig-5_19",
        "nixpkgs-discord-krisp-patcher": "nixpkgs-discord-krisp-patcher"
      }
    }
  },
  "root": "root",
  "version": 7
}
